
Microsoft Visual Studio Solution File, Format Version 12.00
# Visual Studio 15
VisualStudioVersion = 15.0.27703.2047
MinimumVisualStudioVersion = 10.0.40219.1
Project("{FAE04EC0-301F-11D3-BF4B-00C04F79EFBC}") = "App1_Cell.Android", "App1_Cell\App1_Cell.Android\App1_Cell.Android.csproj", "{FE93E151-68A3-4BDC-8EE7-D229FAFBCC57}"
EndProject
Project("{FAE04EC0-301F-11D3-BF4B-00C04F79EFBC}") = "App1_Cell.iOS", "App1_Cell\App1_Cell.iOS\App1_Cell.iOS.csproj", "{5DBB0641-DEF1-4463-9193-689066B01A86}"
EndProject
Project("{FAE04EC0-301F-11D3-BF4B-00C04F79EFBC}") = "App1_Cell.UWP", "App1_Cell\App1_Cell.UWP\App1_Cell.UWP.csproj", "{CA2A86B1-E82F-4168-8966-576B943F898B}"
EndProject
Project("{FAE04EC0-301F-11D3-BF4B-00C04F79EFBC}") = "App1_Cell", "App1_Cell\App1_Cell\App1_Cell.csproj", "{36E4217F-1A16-49C4-B58F-01633880EFFE}"
EndProject
Global
	GlobalSection(SolutionConfigurationPlatforms) = preSolution
		Ad-Hoc|Any CPU = Ad-Hoc|Any CPU
		Ad-Hoc|ARM = Ad-Hoc|ARM
		Ad-Hoc|iPhone = Ad-Hoc|iPhone
		Ad-Hoc|iPhoneSimulator = Ad-Hoc|iPhoneSimulator
		Ad-Hoc|x64 = Ad-Hoc|x64
		Ad-Hoc|x86 = Ad-Hoc|x86
		AppStore|Any CPU = AppStore|Any CPU
		AppStore|ARM = AppStore|ARM
		AppStore|iPhone = AppStore|iPhone
		AppStore|iPhoneSimulator = AppStore|iPhoneSimulator
		AppStore|x64 = AppStore|x64
		AppStore|x86 = AppStore|x86
		Debug|Any CPU = Debug|Any CPU
		Debug|ARM = Debug|ARM
		Debug|iPhone = Debug|iPhone
		Debug|iPhoneSimulator = Debug|iPhoneSimulator
		Debug|x64 = Debug|x64
		Debug|x86 = Debug|x86
		Release|Any CPU = Release|Any CPU
		Release|ARM = Release|ARM
		Release|iPhone = Release|iPhone
		Release|iPhoneSimulator = Release|iPhoneSimulator
		Release|x64 = Release|x64
		Release|x86 = Release|x86
	EndGlobalSection
	GlobalSection(ProjectConfigurationPlatforms) = postSolution
		{FE93E151-68A3-4BDC-8EE7-D229FAFBCC57}.Ad-Hoc|Any CPU.ActiveCfg = Release|Any CPU
		{FE93E151-68A3-4BDC-8EE7-D229FAFBCC57}.Ad-Hoc|Any CPU.Build.0 = Release|Any CPU
		{FE93E151-68A3-4BDC-8EE7-D229FAFBCC57}.Ad-Hoc|Any CPU.Deploy.0 = Release|Any CPU
		{FE93E151-68A3-4BDC-8EE7-D229FAFBCC57}.Ad-Hoc|ARM.ActiveCfg = Release|Any CPU
		{FE93E151-68A3-4BDC-8EE7-D229FAFBCC57}.Ad-Hoc|ARM.Build.0 = Release|Any CPU
		{FE93E151-68A3-4BDC-8EE7-D229FAFBCC57}.Ad-Hoc|ARM.Deploy.0 = Release|Any CPU
		{FE93E151-68A3-4BDC-8EE7-D229FAFBCC57}.Ad-Hoc|iPhone.ActiveCfg = Release|Any CPU
		{FE93E151-68A3-4BDC-8EE7-D229FAFBCC57}.Ad-Hoc|iPhone.Build.0 = Release|Any CPU
		{FE93E151-68A3-4BDC-8EE7-D229FAFBCC57}.Ad-Hoc|iPhone.Deploy.0 = Release|Any CPU
		{FE93E151-68A3-4BDC-8EE7-D229FAFBCC57}.Ad-Hoc|iPhoneSimulator.ActiveCfg = Release|Any CPU
		{FE93E151-68A3-4BDC-8EE7-D229FAFBCC57}.Ad-Hoc|iPhoneSimulator.Build.0 = Release|Any CPU
		{FE93E151-68A3-4BDC-8EE7-D229FAFBCC57}.Ad-Hoc|iPhoneSimulator.Deploy.0 = Release|Any CPU
		{FE93E151-68A3-4BDC-8EE7-D229FAFBCC57}.Ad-Hoc|x64.ActiveCfg = Release|Any CPU
		{FE93E151-68A3-4BDC-8EE7-D229FAFBCC57}.Ad-Hoc|x64.Build.0 = Release|Any CPU
		{FE93E151-68A3-4BDC-8EE7-D229FAFBCC57}.Ad-Hoc|x64.Deploy.0 = Release|Any CPU
		{FE93E151-68A3-4BDC-8EE7-D229FAFBCC57}.Ad-Hoc|x86.ActiveCfg = Release|Any CPU
		{FE93E151-68A3-4BDC-8EE7-D229FAFBCC57}.Ad-Hoc|x86.Build.0 = Release|Any CPU
		{FE93E151-68A3-4BDC-8EE7-D229FAFBCC57}.Ad-Hoc|x86.Deploy.0 = Release|Any CPU
		{FE93E151-68A3-4BDC-8EE7-D229FAFBCC57}.AppStore|Any CPU.ActiveCfg = Release|Any CPU
		{FE93E151-68A3-4BDC-8EE7-D229FAFBCC57}.AppStore|Any CPU.Build.0 = Release|Any CPU
		{FE93E151-68A3-4BDC-8EE7-D229FAFBCC57}.AppStore|Any CPU.Deploy.0 = Release|Any CPU
		{FE93E151-68A3-4BDC-8EE7-D229FAFBCC57}.AppStore|ARM.ActiveCfg = Release|Any CPU
		{FE93E151-68A3-4BDC-8EE7-D229FAFBCC57}.AppStore|ARM.Build.0 = Release|Any CPU
		{FE93E151-68A3-4BDC-8EE7-D229FAFBCC57}.AppStore|ARM.Deploy.0 = Release|Any CPU
		{FE93E151-68A3-4BDC-8EE7-D229FAFBCC57}.AppStore|iPhone.ActiveCfg = Release|Any CPU
		{FE93E151-68A3-4BDC-8EE7-D229FAFBCC57}.AppStore|iPhone.Build.0 = Release|Any CPU
		{FE93E151-68A3-4BDC-8EE7-D229FAFBCC57}.AppStore|iPhone.Deploy.0 = Release|Any CPU
		{FE93E151-68A3-4BDC-8EE7-D229FAFBCC57}.AppStore|iPhoneSimulator.ActiveCfg = Release|Any CPU
		{FE93E151-68A3-4BDC-8EE7-D229FAFBCC57}.AppStore|iPhoneSimulator.Build.0 = Release|Any CPU
		{FE93E151-68A3-4BDC-8EE7-D229FAFBCC57}.AppStore|iPhoneSimulator.Deploy.0 = Release|Any CPU
		{FE93E151-68A3-4BDC-8EE7-D229FAFBCC57}.AppStore|x64.ActiveCfg = Release|Any CPU
		{FE93E151-68A3-4BDC-8EE7-D229FAFBCC57}.AppStore|x64.Build.0 = Release|Any CPU
		{FE93E151-68A3-4BDC-8EE7-D229FAFBCC57}.AppStore|x64.Deploy.0 = Release|Any CPU
		{FE93E151-68A3-4BDC-8EE7-D229FAFBCC57}.AppStore|x86.ActiveCfg = Release|Any CPU
		{FE93E151-68A3-4BDC-8EE7-D229FAFBCC57}.AppStore|x86.Build.0 = Release|Any CPU
		{FE93E151-68A3-4BDC-8EE7-D229FAFBCC57}.AppStore|x86.Deploy.0 = Release|Any CPU
		{FE93E151-68A3-4BDC-8EE7-D229FAFBCC57}.Debug|Any CPU.ActiveCfg = Debug|Any CPU
		{FE93E151-68A3-4BDC-8EE7-D229FAFBCC57}.Debug|Any CPU.Build.0 = Debug|Any CPU
		{FE93E151-68A3-4BDC-8EE7-D229FAFBCC57}.Debug|Any CPU.Deploy.0 = Debug|Any CPU
		{FE93E151-68A3-4BDC-8EE7-D229FAFBCC57}.Debug|ARM.ActiveCfg = Debug|Any CPU
		{FE93E151-68A3-4BDC-8EE7-D229FAFBCC57}.Debug|ARM.Build.0 = Debug|Any CPU
		{FE93E151-68A3-4BDC-8EE7-D229FAFBCC57}.Debug|ARM.Deploy.0 = Debug|Any CPU
		{FE93E151-68A3-4BDC-8EE7-D229FAFBCC57}.Debug|iPhone.ActiveCfg = Debug|Any CPU
		{FE93E151-68A3-4BDC-8EE7-D229FAFBCC57}.Debug|iPhone.Build.0 = Debug|Any CPU
		{FE93E151-68A3-4BDC-8EE7-D229FAFBCC57}.Debug|iPhone.Deploy.0 = Debug|Any CPU
		{FE93E151-68A3-4BDC-8EE7-D229FAFBCC57}.Debug|iPhoneSimulator.ActiveCfg = Debug|Any CPU
		{FE93E151-68A3-4BDC-8EE7-D229FAFBCC57}.Debug|iPhoneSimulator.Build.0 = Debug|Any CPU
		{FE93E151-68A3-4BDC-8EE7-D229FAFBCC57}.Debug|iPhoneSimulator.Deploy.0 = Debug|Any CPU
		{FE93E151-68A3-4BDC-8EE7-D229FAFBCC57}.Debug|x64.ActiveCfg = Debug|Any CPU
		{FE93E151-68A3-4BDC-8EE7-D229FAFBCC57}.Debug|x64.Build.0 = Debug|Any CPU
		{FE93E151-68A3-4BDC-8EE7-D229FAFBCC57}.Debug|x64.Deploy.0 = Debug|Any CPU
		{FE93E151-68A3-4BDC-8EE7-D229FAFBCC57}.Debug|x86.ActiveCfg = Debug|Any CPU
		{FE93E151-68A3-4BDC-8EE7-D229FAFBCC57}.Debug|x86.Build.0 = Debug|Any CPU
		{FE93E151-68A3-4BDC-8EE7-D229FAFBCC57}.Debug|x86.Deploy.0 = Debug|Any CPU
		{FE93E151-68A3-4BDC-8EE7-D229FAFBCC57}.Release|Any CPU.ActiveCfg = Release|Any CPU
		{FE93E151-68A3-4BDC-8EE7-D229FAFBCC57}.Release|Any CPU.Build.0 = Release|Any CPU
		{FE93E151-68A3-4BDC-8EE7-D229FAFBCC57}.Release|Any CPU.Deploy.0 = Release|Any CPU
		{FE93E151-68A3-4BDC-8EE7-D229FAFBCC57}.Release|ARM.ActiveCfg = Release|Any CPU
		{FE93E151-68A3-4BDC-8EE7-D229FAFBCC57}.Release|ARM.Build.0 = Release|Any CPU
		{FE93E151-68A3-4BDC-8EE7-D229FAFBCC57}.Release|ARM.Deploy.0 = Release|Any CPU
		{FE93E151-68A3-4BDC-8EE7-D229FAFBCC57}.Release|iPhone.ActiveCfg = Release|Any CPU
		{FE93E151-68A3-4BDC-8EE7-D229FAFBCC57}.Release|iPhone.Build.0 = Release|Any CPU
		{FE93E151-68A3-4BDC-8EE7-D229FAFBCC57}.Release|iPhone.Deploy.0 = Release|Any CPU
		{FE93E151-68A3-4BDC-8EE7-D229FAFBCC57}.Release|iPhoneSimulator.ActiveCfg = Release|Any CPU
		{FE93E151-68A3-4BDC-8EE7-D229FAFBCC57}.Release|iPhoneSimulator.Build.0 = Release|Any CPU
		{FE93E151-68A3-4BDC-8EE7-D229FAFBCC57}.Release|iPhoneSimulator.Deploy.0 = Release|Any CPU
		{FE93E151-68A3-4BDC-8EE7-D229FAFBCC57}.Release|x64.ActiveCfg = Release|Any CPU
		{FE93E151-68A3-4BDC-8EE7-D229FAFBCC57}.Release|x64.Build.0 = Release|Any CPU
		{FE93E151-68A3-4BDC-8EE7-D229FAFBCC57}.Release|x64.Deploy.0 = Release|Any CPU
		{FE93E151-68A3-4BDC-8EE7-D229FAFBCC57}.Release|x86.ActiveCfg = Release|Any CPU
		{FE93E151-68A3-4BDC-8EE7-D229FAFBCC57}.Release|x86.Build.0 = Release|Any CPU
		{FE93E151-68A3-4BDC-8EE7-D229FAFBCC57}.Release|x86.Deploy.0 = Release|Any CPU
		{5DBB0641-DEF1-4463-9193-689066B01A86}.Ad-Hoc|Any CPU.ActiveCfg = Ad-Hoc|iPhone
		{5DBB0641-DEF1-4463-9193-689066B01A86}.Ad-Hoc|Any CPU.Build.0 = Ad-Hoc|iPhone
		{5DBB0641-DEF1-4463-9193-689066B01A86}.Ad-Hoc|Any CPU.Deploy.0 = Ad-Hoc|iPhone
		{5DBB0641-DEF1-4463-9193-689066B01A86}.Ad-Hoc|ARM.ActiveCfg = Ad-Hoc|iPhone
		{5DBB0641-DEF1-4463-9193-689066B01A86}.Ad-Hoc|ARM.Build.0 = Ad-Hoc|iPhone
		{5DBB0641-DEF1-4463-9193-689066B01A86}.Ad-Hoc|ARM.Deploy.0 = Ad-Hoc|iPhone
		{5DBB0641-DEF1-4463-9193-689066B01A86}.Ad-Hoc|iPhone.ActiveCfg = Ad-Hoc|iPhone
		{5DBB0641-DEF1-4463-9193-689066B01A86}.Ad-Hoc|iPhone.Build.0 = Ad-Hoc|iPhone
		{5DBB0641-DEF1-4463-9193-689066B01A86}.Ad-Hoc|iPhone.Deploy.0 = Ad-Hoc|iPhone
		{5DBB0641-DEF1-4463-9193-689066B01A86}.Ad-Hoc|iPhoneSimulator.ActiveCfg = Ad-Hoc|iPhoneSimulator
		{5DBB0641-DEF1-4463-9193-689066B01A86}.Ad-Hoc|iPhoneSimulator.Build.0 = Ad-Hoc|iPhoneSimulator
		{5DBB0641-DEF1-4463-9193-689066B01A86}.Ad-Hoc|iPhoneSimulator.Deploy.0 = Ad-Hoc|iPhoneSimulator
		{5DBB0641-DEF1-4463-9193-689066B01A86}.Ad-Hoc|x64.ActiveCfg = Ad-Hoc|iPhone
		{5DBB0641-DEF1-4463-9193-689066B01A86}.Ad-Hoc|x64.Build.0 = Ad-Hoc|iPhone
		{5DBB0641-DEF1-4463-9193-689066B01A86}.Ad-Hoc|x64.Deploy.0 = Ad-Hoc|iPhone
		{5DBB0641-DEF1-4463-9193-689066B01A86}.Ad-Hoc|x86.ActiveCfg = Ad-Hoc|iPhone
		{5DBB0641-DEF1-4463-9193-689066B01A86}.Ad-Hoc|x86.Build.0 = Ad-Hoc|iPhone
		{5DBB0641-DEF1-4463-9193-689066B01A86}.Ad-Hoc|x86.Deploy.0 = Ad-Hoc|iPhone
		{5DBB0641-DEF1-4463-9193-689066B01A86}.AppStore|Any CPU.ActiveCfg = AppStore|iPhone
		{5DBB0641-DEF1-4463-9193-689066B01A86}.AppStore|Any CPU.Build.0 = AppStore|iPhone
		{5DBB0641-DEF1-4463-9193-689066B01A86}.AppStore|Any CPU.Deploy.0 = AppStore|iPhone
		{5DBB0641-DEF1-4463-9193-689066B01A86}.AppStore|ARM.ActiveCfg = AppStore|iPhone
		{5DBB0641-DEF1-4463-9193-689066B01A86}.AppStore|ARM.Build.0 = AppStore|iPhone
		{5DBB0641-DEF1-4463-9193-689066B01A86}.AppStore|ARM.Deploy.0 = AppStore|iPhone
		{5DBB0641-DEF1-4463-9193-689066B01A86}.AppStore|iPhone.ActiveCfg = AppStore|iPhone
		{5DBB0641-DEF1-4463-9193-689066B01A86}.AppStore|iPhone.Build.0 = AppStore|iPhone
		{5DBB0641-DEF1-4463-9193-689066B01A86}.AppStore|iPhone.Deploy.0 = AppStore|iPhone
		{5DBB0641-DEF1-4463-9193-689066B01A86}.AppStore|iPhoneSimulator.ActiveCfg = AppStore|iPhoneSimulator
		{5DBB0641-DEF1-4463-9193-689066B01A86}.AppStore|iPhoneSimulator.Build.0 = AppStore|iPhoneSimulator
		{5DBB0641-DEF1-4463-9193-689066B01A86}.AppStore|iPhoneSimulator.Deploy.0 = AppStore|iPhoneSimulator
		{5DBB0641-DEF1-4463-9193-689066B01A86}.AppStore|x64.ActiveCfg = AppStore|iPhone
		{5DBB0641-DEF1-4463-9193-689066B01A86}.AppStore|x64.Build.0 = AppStore|iPhone
		{5DBB0641-DEF1-4463-9193-689066B01A86}.AppStore|x64.Deploy.0 = AppStore|iPhone
		{5DBB0641-DEF1-4463-9193-689066B01A86}.AppStore|x86.ActiveCfg = AppStore|iPhone
		{5DBB0641-DEF1-4463-9193-689066B01A86}.AppStore|x86.Build.0 = AppStore|iPhone
		{5DBB0641-DEF1-4463-9193-689066B01A86}.AppStore|x86.Deploy.0 = AppStore|iPhone
		{5DBB0641-DEF1-4463-9193-689066B01A86}.Debug|Any CPU.ActiveCfg = Debug|iPhoneSimulator
		{5DBB0641-DEF1-4463-9193-689066B01A86}.Debug|Any CPU.Build.0 = Debug|iPhoneSimulator
		{5DBB0641-DEF1-4463-9193-689066B01A86}.Debug|Any CPU.Deploy.0 = Debug|iPhoneSimulator
		{5DBB0641-DEF1-4463-9193-689066B01A86}.Debug|ARM.ActiveCfg = Debug|iPhone
		{5DBB0641-DEF1-4463-9193-689066B01A86}.Debug|ARM.Build.0 = Debug|iPhone
		{5DBB0641-DEF1-4463-9193-689066B01A86}.Debug|ARM.Deploy.0 = Debug|iPhone
		{5DBB0641-DEF1-4463-9193-689066B01A86}.Debug|iPhone.ActiveCfg = Debug|iPhone
		{5DBB0641-DEF1-4463-9193-689066B01A86}.Debug|iPhone.Build.0 = Debug|iPhone
		{5DBB0641-DEF1-4463-9193-689066B01A86}.Debug|iPhone.Deploy.0 = Debug|iPhone
		{5DBB0641-DEF1-4463-9193-689066B01A86}.Debug|iPhoneSimulator.ActiveCfg = Debug|iPhoneSimulator
		{5DBB0641-DEF1-4463-9193-689066B01A86}.Debug|iPhoneSimulator.Build.0 = Debug|iPhoneSimulator
		{5DBB0641-DEF1-4463-9193-689066B01A86}.Debug|iPhoneSimulator.Deploy.0 = Debug|iPhoneSimulator
		{5DBB0641-DEF1-4463-9193-689066B01A86}.Debug|x64.ActiveCfg = Debug|iPhone
		{5DBB0641-DEF1-4463-9193-689066B01A86}.Debug|x64.Build.0 = Debug|iPhone
		{5DBB0641-DEF1-4463-9193-689066B01A86}.Debug|x64.Deploy.0 = Debug|iPhone
		{5DBB0641-DEF1-4463-9193-689066B01A86}.Debug|x86.ActiveCfg = Debug|iPhone
		{5DBB0641-DEF1-4463-9193-689066B01A86}.Debug|x86.Build.0 = Debug|iPhone
		{5DBB0641-DEF1-4463-9193-689066B01A86}.Debug|x86.Deploy.0 = Debug|iPhone
		{5DBB0641-DEF1-4463-9193-689066B01A86}.Release|Any CPU.ActiveCfg = Release|iPhone
		{5DBB0641-DEF1-4463-9193-689066B01A86}.Release|Any CPU.Build.0 = Release|iPhone
		{5DBB0641-DEF1-4463-9193-689066B01A86}.Release|Any CPU.Deploy.0 = Release|iPhone
		{5DBB0641-DEF1-4463-9193-689066B01A86}.Release|ARM.ActiveCfg = Release|iPhone
		{5DBB0641-DEF1-4463-9193-689066B01A86}.Release|ARM.Build.0 = Release|iPhone
		{5DBB0641-DEF1-4463-9193-689066B01A86}.Release|ARM.Deploy.0 = Release|iPhone
		{5DBB0641-DEF1-4463-9193-689066B01A86}.Release|iPhone.ActiveCfg = Release|iPhone
		{5DBB0641-DEF1-4463-9193-689066B01A86}.Release|iPhone.Build.0 = Release|iPhone
		{5DBB0641-DEF1-4463-9193-689066B01A86}.Release|iPhone.Deploy.0 = Release|iPhone
		{5DBB0641-DEF1-4463-9193-689066B01A86}.Release|iPhoneSimulator.ActiveCfg = Release|iPhoneSimulator
		{5DBB0641-DEF1-4463-9193-689066B01A86}.Release|iPhoneSimulator.Build.0 = Release|iPhoneSimulator
		{5DBB0641-DEF1-4463-9193-689066B01A86}.Release|iPhoneSimulator.Deploy.0 = Release|iPhoneSimulator
		{5DBB0641-DEF1-4463-9193-689066B01A86}.Release|x64.ActiveCfg = Release|iPhone
		{5DBB0641-DEF1-4463-9193-689066B01A86}.Release|x64.Build.0 = Release|iPhone
		{5DBB0641-DEF1-4463-9193-689066B01A86}.Release|x64.Deploy.0 = Release|iPhone
		{5DBB0641-DEF1-4463-9193-689066B01A86}.Release|x86.ActiveCfg = Release|iPhone
		{5DBB0641-DEF1-4463-9193-689066B01A86}.Release|x86.Build.0 = Release|iPhone
		{5DBB0641-DEF1-4463-9193-689066B01A86}.Release|x86.Deploy.0 = Release|iPhone
		{CA2A86B1-E82F-4168-8966-576B943F898B}.Ad-Hoc|Any CPU.ActiveCfg = Release|x86
		{CA2A86B1-E82F-4168-8966-576B943F898B}.Ad-Hoc|Any CPU.Build.0 = Release|x86
		{CA2A86B1-E82F-4168-8966-576B943F898B}.Ad-Hoc|Any CPU.Deploy.0 = Release|x86
		{CA2A86B1-E82F-4168-8966-576B943F898B}.Ad-Hoc|ARM.ActiveCfg = Release|ARM
		{CA2A86B1-E82F-4168-8966-576B943F898B}.Ad-Hoc|ARM.Build.0 = Release|ARM
		{CA2A86B1-E82F-4168-8966-576B943F898B}.Ad-Hoc|ARM.Deploy.0 = Release|ARM
		{CA2A86B1-E82F-4168-8966-576B943F898B}.Ad-Hoc|iPhone.ActiveCfg = Release|x86
		{CA2A86B1-E82F-4168-8966-576B943F898B}.Ad-Hoc|iPhone.Build.0 = Release|x86
		{CA2A86B1-E82F-4168-8966-576B943F898B}.Ad-Hoc|iPhone.Deploy.0 = Release|x86
		{CA2A86B1-E82F-4168-8966-576B943F898B}.Ad-Hoc|iPhoneSimulator.ActiveCfg = Release|x86
		{CA2A86B1-E82F-4168-8966-576B943F898B}.Ad-Hoc|iPhoneSimulator.Build.0 = Release|x86
		{CA2A86B1-E82F-4168-8966-576B943F898B}.Ad-Hoc|iPhoneSimulator.Deploy.0 = Release|x86
		{CA2A86B1-E82F-4168-8966-576B943F898B}.Ad-Hoc|x64.ActiveCfg = Release|x64
		{CA2A86B1-E82F-4168-8966-576B943F898B}.Ad-Hoc|x64.Build.0 = Release|x64
		{CA2A86B1-E82F-4168-8966-576B943F898B}.Ad-Hoc|x64.Deploy.0 = Release|x64
		{CA2A86B1-E82F-4168-8966-576B943F898B}.Ad-Hoc|x86.ActiveCfg = Release|x86
		{CA2A86B1-E82F-4168-8966-576B943F898B}.Ad-Hoc|x86.Build.0 = Release|x86
		{CA2A86B1-E82F-4168-8966-576B943F898B}.Ad-Hoc|x86.Deploy.0 = Release|x86
		{CA2A86B1-E82F-4168-8966-576B943F898B}.AppStore|Any CPU.ActiveCfg = Release|x86
		{CA2A86B1-E82F-4168-8966-576B943F898B}.AppStore|Any CPU.Build.0 = Release|x86
		{CA2A86B1-E82F-4168-8966-576B943F898B}.AppStore|Any CPU.Deploy.0 = Release|x86
		{CA2A86B1-E82F-4168-8966-576B943F898B}.AppStore|ARM.ActiveCfg = Release|ARM
		{CA2A86B1-E82F-4168-8966-576B943F898B}.AppStore|ARM.Build.0 = Release|ARM
		{CA2A86B1-E82F-4168-8966-576B943F898B}.AppStore|ARM.Deploy.0 = Release|ARM
		{CA2A86B1-E82F-4168-8966-576B943F898B}.AppStore|iPhone.ActiveCfg = Release|x86
		{CA2A86B1-E82F-4168-8966-576B943F898B}.AppStore|iPhone.Build.0 = Release|x86
		{CA2A86B1-E82F-4168-8966-576B943F898B}.AppStore|iPhone.Deploy.0 = Release|x86
		{CA2A86B1-E82F-4168-8966-576B943F898B}.AppStore|iPhoneSimulator.ActiveCfg = Release|x86
		{CA2A86B1-E82F-4168-8966-576B943F898B}.AppStore|iPhoneSimulator.Build.0 = Release|x86
		{CA2A86B1-E82F-4168-8966-576B943F898B}.AppStore|iPhoneSimulator.Deploy.0 = Release|x86
		{CA2A86B1-E82F-4168-8966-576B943F898B}.AppStore|x64.ActiveCfg = Release|x64
		{CA2A86B1-E82F-4168-8966-576B943F898B}.AppStore|x64.Build.0 = Release|x64
		{CA2A86B1-E82F-4168-8966-576B943F898B}.AppStore|x64.Deploy.0 = Release|x64
		{CA2A86B1-E82F-4168-8966-576B943F898B}.AppStore|x86.ActiveCfg = Release|x86
		{CA2A86B1-E82F-4168-8966-576B943F898B}.AppStore|x86.Build.0 = Release|x86
		{CA2A86B1-E82F-4168-8966-576B943F898B}.AppStore|x86.Deploy.0 = Release|x86
		{CA2A86B1-E82F-4168-8966-576B943F898B}.Debug|Any CPU.ActiveCfg = Debug|x86
		{CA2A86B1-E82F-4168-8966-576B943F898B}.Debug|Any CPU.Build.0 = Debug|x86
		{CA2A86B1-E82F-4168-8966-576B943F898B}.Debug|Any CPU.Deploy.0 = Debug|x86
		{CA2A86B1-E82F-4168-8966-576B943F898B}.Debug|ARM.ActiveCfg = Debug|ARM
		{CA2A86B1-E82F-4168-8966-576B943F898B}.Debug|ARM.Build.0 = Debug|ARM
		{CA2A86B1-E82F-4168-8966-576B943F898B}.Debug|ARM.Deploy.0 = Debug|ARM
		{CA2A86B1-E82F-4168-8966-576B943F898B}.Debug|iPhone.ActiveCfg = Debug|x86
		{CA2A86B1-E82F-4168-8966-576B943F898B}.Debug|iPhone.Build.0 = Debug|x86
		{CA2A86B1-E82F-4168-8966-576B943F898B}.Debug|iPhone.Deploy.0 = Debug|x86
		{CA2A86B1-E82F-4168-8966-576B943F898B}.Debug|iPhoneSimulator.ActiveCfg = Debug|x86
		{CA2A86B1-E82F-4168-8966-576B943F898B}.Debug|iPhoneSimulator.Build.0 = Debug|x86
		{CA2A86B1-E82F-4168-8966-576B943F898B}.Debug|iPhoneSimulator.Deploy.0 = Debug|x86
		{CA2A86B1-E82F-4168-8966-576B943F898B}.Debug|x64.ActiveCfg = Debug|x64
		{CA2A86B1-E82F-4168-8966-576B943F898B}.Debug|x64.Build.0 = Debug|x64
		{CA2A86B1-E82F-4168-8966-576B943F898B}.Debug|x64.Deploy.0 = Debug|x64
		{CA2A86B1-E82F-4168-8966-576B943F898B}.Debug|x86.ActiveCfg = Debug|x86
		{CA2A86B1-E82F-4168-8966-576B943F898B}.Debug|x86.Build.0 = Debug|x86
		{CA2A86B1-E82F-4168-8966-576B943F898B}.Debug|x86.Deploy.0 = Debug|x86
		{CA2A86B1-E82F-4168-8966-576B943F898B}.Release|Any CPU.ActiveCfg = Release|x86
		{CA2A86B1-E82F-4168-8966-576B943F898B}.Release|Any CPU.Build.0 = Release|x86
		{CA2A86B1-E82F-4168-8966-576B943F898B}.Release|Any CPU.Deploy.0 = Release|x86
		{CA2A86B1-E82F-4168-8966-576B943F898B}.Release|ARM.ActiveCfg = Release|ARM
		{CA2A86B1-E82F-4168-8966-576B943F898B}.Release|ARM.Build.0 = Release|ARM
		{CA2A86B1-E82F-4168-8966-576B943F898B}.Release|ARM.Deploy.0 = Release|ARM
		{CA2A86B1-E82F-4168-8966-576B943F898B}.Release|iPhone.ActiveCfg = Release|x86
		{CA2A86B1-E82F-4168-8966-576B943F898B}.Release|iPhone.Build.0 = Release|x86
		{CA2A86B1-E82F-4168-8966-576B943F898B}.Release|iPhone.Deploy.0 = Release|x86
		{CA2A86B1-E82F-4168-8966-576B943F898B}.Release|iPhoneSimulator.ActiveCfg = Release|x86
		{CA2A86B1-E82F-4168-8966-576B943F898B}.Release|iPhoneSimulator.Build.0 = Release|x86
		{CA2A86B1-E82F-4168-8966-576B943F898B}.Release|iPhoneSimulator.Deploy.0 = Release|x86
		{CA2A86B1-E82F-4168-8966-576B943F898B}.Release|x64.ActiveCfg = Release|x64
		{CA2A86B1-E82F-4168-8966-576B943F898B}.Release|x64.Build.0 = Release|x64
		{CA2A86B1-E82F-4168-8966-576B943F898B}.Release|x64.Deploy.0 = Release|x64
		{CA2A86B1-E82F-4168-8966-576B943F898B}.Release|x86.ActiveCfg = Release|x86
		{CA2A86B1-E82F-4168-8966-576B943F898B}.Release|x86.Build.0 = Release|x86
		{CA2A86B1-E82F-4168-8966-576B943F898B}.Release|x86.Deploy.0 = Release|x86
		{36E4217F-1A16-49C4-B58F-01633880EFFE}.Ad-Hoc|Any CPU.ActiveCfg = Debug|Any CPU
		{36E4217F-1A16-49C4-B58F-01633880EFFE}.Ad-Hoc|Any CPU.Build.0 = Debug|Any CPU
		{36E4217F-1A16-49C4-B58F-01633880EFFE}.Ad-Hoc|Any CPU.Deploy.0 = Debug|Any CPU
		{36E4217F-1A16-49C4-B58F-01633880EFFE}.Ad-Hoc|ARM.ActiveCfg = Debug|Any CPU
		{36E4217F-1A16-49C4-B58F-01633880EFFE}.Ad-Hoc|ARM.Build.0 = Debug|Any CPU
		{36E4217F-1A16-49C4-B58F-01633880EFFE}.Ad-Hoc|ARM.Deploy.0 = Debug|Any CPU
		{36E4217F-1A16-49C4-B58F-01633880EFFE}.Ad-Hoc|iPhone.ActiveCfg = Debug|Any CPU
		{36E4217F-1A16-49C4-B58F-01633880EFFE}.Ad-Hoc|iPhone.Build.0 = Debug|Any CPU
		{36E4217F-1A16-49C4-B58F-01633880EFFE}.Ad-Hoc|iPhone.Deploy.0 = Debug|Any CPU
		{36E4217F-1A16-49C4-B58F-01633880EFFE}.Ad-Hoc|iPhoneSimulator.ActiveCfg = Debug|Any CPU
		{36E4217F-1A16-49C4-B58F-01633880EFFE}.Ad-Hoc|iPhoneSimulator.Build.0 = Debug|Any CPU
		{36E4217F-1A16-49C4-B58F-01633880EFFE}.Ad-Hoc|iPhoneSimulator.Deploy.0 = Debug|Any CPU
		{36E4217F-1A16-49C4-B58F-01633880EFFE}.Ad-Hoc|x64.ActiveCfg = Debug|Any CPU
		{36E4217F-1A16-49C4-B58F-01633880EFFE}.Ad-Hoc|x64.Build.0 = Debug|Any CPU
		{36E4217F-1A16-49C4-B58F-01633880EFFE}.Ad-Hoc|x64.Deploy.0 = Debug|Any CPU
		{36E4217F-1A16-49C4-B58F-01633880EFFE}.Ad-Hoc|x86.ActiveCfg = Debug|Any CPU
		{36E4217F-1A16-49C4-B58F-01633880EFFE}.Ad-Hoc|x86.Build.0 = Debug|Any CPU
		{36E4217F-1A16-49C4-B58F-01633880EFFE}.Ad-Hoc|x86.Deploy.0 = Debug|Any CPU
		{36E4217F-1A16-49C4-B58F-01633880EFFE}.AppStore|Any CPU.ActiveCfg = Debug|Any CPU
		{36E4217F-1A16-49C4-B58F-01633880EFFE}.AppStore|Any CPU.Build.0 = Debug|Any CPU
		{36E4217F-1A16-49C4-B58F-01633880EFFE}.AppStore|Any CPU.Deploy.0 = Debug|Any CPU
		{36E4217F-1A16-49C4-B58F-01633880EFFE}.AppStore|ARM.ActiveCfg = Debug|Any CPU
		{36E4217F-1A16-49C4-B58F-01633880EFFE}.AppStore|ARM.Build.0 = Debug|Any CPU
		{36E4217F-1A16-49C4-B58F-01633880EFFE}.AppStore|ARM.Deploy.0 = Debug|Any CPU
		{36E4217F-1A16-49C4-B58F-01633880EFFE}.AppStore|iPhone.ActiveCfg = Debug|Any CPU
		{36E4217F-1A16-49C4-B58F-01633880EFFE}.AppStore|iPhone.Build.0 = Debug|Any CPU
		{36E4217F-1A16-49C4-B58F-01633880EFFE}.AppStore|iPhone.Deploy.0 = Debug|Any CPU
		{36E4217F-1A16-49C4-B58F-01633880EFFE}.AppStore|iPhoneSimulator.ActiveCfg = Debug|Any CPU
		{36E4217F-1A16-49C4-B58F-01633880EFFE}.AppStore|iPhoneSimulator.Build.0 = Debug|Any CPU
		{36E4217F-1A16-49C4-B58F-01633880EFFE}.AppStore|iPhoneSimulator.Deploy.0 = Debug|Any CPU
		{36E4217F-1A16-49C4-B58F-01633880EFFE}.AppStore|x64.ActiveCfg = Debug|Any CPU
		{36E4217F-1A16-49C4-B58F-01633880EFFE}.AppStore|x64.Build.0 = Debug|Any CPU
		{36E4217F-1A16-49C4-B58F-01633880EFFE}.AppStore|x64.Deploy.0 = Debug|Any CPU
		{36E4217F-1A16-49C4-B58F-01633880EFFE}.AppStore|x86.ActiveCfg = Debug|Any CPU
		{36E4217F-1A16-49C4-B58F-01633880EFFE}.AppStore|x86.Build.0 = Debug|Any CPU
		{36E4217F-1A16-49C4-B58F-01633880EFFE}.AppStore|x86.Deploy.0 = Debug|Any CPU
		{36E4217F-1A16-49C4-B58F-01633880EFFE}.Debug|Any CPU.ActiveCfg = Debug|Any CPU
		{36E4217F-1A16-49C4-B58F-01633880EFFE}.Debug|Any CPU.Build.0 = Debug|Any CPU
		{36E4217F-1A16-49C4-B58F-01633880EFFE}.Debug|Any CPU.Deploy.0 = Debug|Any CPU
		{36E4217F-1A16-49C4-B58F-01633880EFFE}.Debug|ARM.ActiveCfg = Debug|Any CPU
		{36E4217F-1A16-49C4-B58F-01633880EFFE}.Debug|ARM.Build.0 = Debug|Any CPU
		{36E4217F-1A16-49C4-B58F-01633880EFFE}.Debug|ARM.Deploy.0 = Debug|Any CPU
		{36E4217F-1A16-49C4-B58F-01633880EFFE}.Debug|iPhone.ActiveCfg = Debug|Any CPU
		{36E4217F-1A16-49C4-B58F-01633880EFFE}.Debug|iPhone.Build.0 = Debug|Any CPU
		{36E4217F-1A16-49C4-B58F-01633880EFFE}.Debug|iPhone.Deploy.0 = Debug|Any CPU
		{36E4217F-1A16-49C4-B58F-01633880EFFE}.Debug|iPhoneSimulator.ActiveCfg = Debug|Any CPU
		{36E4217F-1A16-49C4-B58F-01633880EFFE}.Debug|iPhoneSimulator.Build.0 = Debug|Any CPU
		{36E4217F-1A16-49C4-B58F-01633880EFFE}.Debug|iPhoneSimulator.Deploy.0 = Debug|Any CPU
		{36E4217F-1A16-49C4-B58F-01633880EFFE}.Debug|x64.ActiveCfg = Debug|Any CPU
		{36E4217F-1A16-49C4-B58F-01633880EFFE}.Debug|x64.Build.0 = Debug|Any CPU
		{36E4217F-1A16-49C4-B58F-01633880EFFE}.Debug|x64.Deploy.0 = Debug|Any CPU
		{36E4217F-1A16-49C4-B58F-01633880EFFE}.Debug|x86.ActiveCfg = Debug|Any CPU
		{36E4217F-1A16-49C4-B58F-01633880EFFE}.Debug|x86.Build.0 = Debug|Any CPU
		{36E4217F-1A16-49C4-B58F-01633880EFFE}.Debug|x86.Deploy.0 = Debug|Any CPU
		{36E4217F-1A16-49C4-B58F-01633880EFFE}.Release|Any CPU.ActiveCfg = Release|Any CPU
		{36E4217F-1A16-49C4-B58F-01633880EFFE}.Release|Any CPU.Build.0 = Release|Any CPU
		{36E4217F-1A16-49C4-B58F-01633880EFFE}.Release|Any CPU.Deploy.0 = Release|Any CPU
		{36E4217F-1A16-49C4-B58F-01633880EFFE}.Release|ARM.ActiveCfg = Release|Any CPU
		{36E4217F-1A16-49C4-B58F-01633880EFFE}.Release|ARM.Build.0 = Release|Any CPU
		{36E4217F-1A16-49C4-B58F-01633880EFFE}.Release|ARM.Deploy.0 = Release|Any CPU
		{36E4217F-1A16-49C4-B58F-01633880EFFE}.Release|iPhone.ActiveCfg = Release|Any CPU
		{36E4217F-1A16-49C4-B58F-01633880EFFE}.Release|iPhone.Build.0 = Release|Any CPU
		{36E4217F-1A16-49C4-B58F-01633880EFFE}.Release|iPhone.Deploy.0 = Release|Any CPU
		{36E4217F-1A16-49C4-B58F-01633880EFFE}.Release|iPhoneSimulator.ActiveCfg = Release|Any CPU
		{36E4217F-1A16-49C4-B58F-01633880EFFE}.Release|iPhoneSimulator.Build.0 = Release|Any CPU
		{36E4217F-1A16-49C4-B58F-01633880EFFE}.Release|iPhoneSimulator.Deploy.0 = Release|Any CPU
		{36E4217F-1A16-49C4-B58F-01633880EFFE}.Release|x64.ActiveCfg = Release|Any CPU
		{36E4217F-1A16-49C4-B58F-01633880EFFE}.Release|x64.Build.0 = Release|Any CPU
		{36E4217F-1A16-49C4-B58F-01633880EFFE}.Release|x64.Deploy.0 = Release|Any CPU
		{36E4217F-1A16-49C4-B58F-01633880EFFE}.Release|x86.ActiveCfg = Release|Any CPU
		{36E4217F-1A16-49C4-B58F-01633880EFFE}.Release|x86.Build.0 = Release|Any CPU
		{36E4217F-1A16-49C4-B58F-01633880EFFE}.Release|x86.Deploy.0 = Release|Any CPU
	EndGlobalSection
	GlobalSection(SolutionProperties) = preSolution
		HideSolutionNode = FALSE
	EndGlobalSection
	GlobalSection(ExtensibilityGlobals) = postSolution
		SolutionGuid = {EBF756A3-89E5-4D9D-9369-A2CD8EB9A81E}
	EndGlobalSection
EndGlobal
